
Microsoft Visual Studio Solution File, Format Version 12.00
# Visual Studio Version 16
VisualStudioVersion = 16.0.30011.22
MinimumVisualStudioVersion = 10.0.40219.1
Project("{FAE04EC0-301F-11D3-BF4B-00C04F79EFBC}") = "ProblemSolving", "ProblemSolving\ProblemSolving.csproj", "{9DF2716A-8481-4BC5-94EA-5B288E826EAB}"
EndProject
Global
	GlobalSection(SolutionConfigurationPlatforms) = preSolution
		Debug|Any CPU = Debug|Any CPU
		Release|Any CPU = Release|Any CPU
	EndGlobalSection
	GlobalSection(ProjectConfigurationPlatforms) = postSolution
		{9DF2716A-8481-4BC5-94EA-5B288E826EAB}.Debug|Any CPU.ActiveCfg = Debug|Any CPU
		{9DF2716A-8481-4BC5-94EA-5B288E826EAB}.Debug|Any CPU.Build.0 = Debug|Any CPU
		{9DF2716A-8481-4BC5-94EA-5B288E826EAB}.Release|Any CPU.ActiveCfg = Release|Any CPU
		{9DF2716A-8481-4BC5-94EA-5B288E826EAB}.Release|Any CPU.Build.0 = Release|Any CPU
	EndGlobalSection
	GlobalSection(SolutionProperties) = preSolution
		HideSolutionNode = FALSE
	EndGlobalSection
	GlobalSection(ExtensibilityGlobals) = postSolution
		SolutionGuid = {C10B1B36-02B4-46AA-A2D0-8ACEB7F7DEB5}
	EndGlobalSection
EndGlobal
